
Microsoft Visual Studio Solution File, Format Version 12.00
Project("{FAE04EC0-301F-11D3-BF4B-00C04F79EFBC}") = "RabbitChatClient", "RabbitChatClient\RabbitChatClient.csproj", "{9232A77A-5CF4-46B5-9FDD-95D31A7EE96C}"
EndProject
Global
	GlobalSection(SolutionConfigurationPlatforms) = preSolution
		Debug|Any CPU = Debug|Any CPU
		Release|Any CPU = Release|Any CPU
	EndGlobalSection
	GlobalSection(ProjectConfigurationPlatforms) = postSolution
		{9232A77A-5CF4-46B5-9FDD-95D31A7EE96C}.Debug|Any CPU.ActiveCfg = Debug|Any CPU
		{9232A77A-5CF4-46B5-9FDD-95D31A7EE96C}.Debug|Any CPU.Build.0 = Debug|Any CPU
		{9232A77A-5CF4-46B5-9FDD-95D31A7EE96C}.Release|Any CPU.ActiveCfg = Release|Any CPU
		{9232A77A-5CF4-46B5-9FDD-95D31A7EE96C}.Release|Any CPU.Build.0 = Release|Any CPU
	EndGlobalSection
EndGlobal
